
Microsoft Visual Studio Solution File, Format Version 12.00
# Visual Studio 15
VisualStudioVersion = 15.0.28307.489
MinimumVisualStudioVersion = 10.0.40219.1
Project("{FAE04EC0-301F-11D3-BF4B-00C04F79EFBC}") = "GetReal", "GetReal\GetReal.csproj", "{7295582B-CDDC-44AE-8277-50070648D6B4}"
EndProject
Project("{FAE04EC0-301F-11D3-BF4B-00C04F79EFBC}") = "DAL", "DAL\DAL.csproj", "{1A87CB46-980C-449D-B05A-F2CE8F2EA927}"
EndProject
Project("{FAE04EC0-301F-11D3-BF4B-00C04F79EFBC}") = "GetReal.Model", "GetReal.Model\GetReal.Model.csproj", "{B1C0286C-9574-4DA4-8D26-2F8BE4CB192B}"
EndProject
Project("{FAE04EC0-301F-11D3-BF4B-00C04F79EFBC}") = "GetReal.Repository", "GetReal.Repository\GetReal.Repository.csproj", "{963E3B92-991A-45D5-AD55-99FFD1B9044C}"
EndProject
Project("{FAE04EC0-301F-11D3-BF4B-00C04F79EFBC}") = "GetReal.Service", "GetReal.Service\GetReal.Service.csproj", "{290B252F-FD7F-4383-BC97-4B63504FB203}"
EndProject
Global
	GlobalSection(SolutionConfigurationPlatforms) = preSolution
		Debug|Any CPU = Debug|Any CPU
		Release|Any CPU = Release|Any CPU
	EndGlobalSection
	GlobalSection(ProjectConfigurationPlatforms) = postSolution
		{7295582B-CDDC-44AE-8277-50070648D6B4}.Debug|Any CPU.ActiveCfg = Debug|Any CPU
		{7295582B-CDDC-44AE-8277-50070648D6B4}.Debug|Any CPU.Build.0 = Debug|Any CPU
		{7295582B-CDDC-44AE-8277-50070648D6B4}.Release|Any CPU.ActiveCfg = Release|Any CPU
		{7295582B-CDDC-44AE-8277-50070648D6B4}.Release|Any CPU.Build.0 = Release|Any CPU
		{1A87CB46-980C-449D-B05A-F2CE8F2EA927}.Debug|Any CPU.ActiveCfg = Debug|Any CPU
		{1A87CB46-980C-449D-B05A-F2CE8F2EA927}.Debug|Any CPU.Build.0 = Debug|Any CPU
		{1A87CB46-980C-449D-B05A-F2CE8F2EA927}.Release|Any CPU.ActiveCfg = Release|Any CPU
		{1A87CB46-980C-449D-B05A-F2CE8F2EA927}.Release|Any CPU.Build.0 = Release|Any CPU
		{B1C0286C-9574-4DA4-8D26-2F8BE4CB192B}.Debug|Any CPU.ActiveCfg = Debug|Any CPU
		{B1C0286C-9574-4DA4-8D26-2F8BE4CB192B}.Debug|Any CPU.Build.0 = Debug|Any CPU
		{B1C0286C-9574-4DA4-8D26-2F8BE4CB192B}.Release|Any CPU.ActiveCfg = Release|Any CPU
		{B1C0286C-9574-4DA4-8D26-2F8BE4CB192B}.Release|Any CPU.Build.0 = Release|Any CPU
		{963E3B92-991A-45D5-AD55-99FFD1B9044C}.Debug|Any CPU.ActiveCfg = Debug|Any CPU
		{963E3B92-991A-45D5-AD55-99FFD1B9044C}.Debug|Any CPU.Build.0 = Debug|Any CPU
		{963E3B92-991A-45D5-AD55-99FFD1B9044C}.Release|Any CPU.ActiveCfg = Release|Any CPU
		{963E3B92-991A-45D5-AD55-99FFD1B9044C}.Release|Any CPU.Build.0 = Release|Any CPU
		{290B252F-FD7F-4383-BC97-4B63504FB203}.Debug|Any CPU.ActiveCfg = Debug|Any CPU
		{290B252F-FD7F-4383-BC97-4B63504FB203}.Debug|Any CPU.Build.0 = Debug|Any CPU
		{290B252F-FD7F-4383-BC97-4B63504FB203}.Release|Any CPU.ActiveCfg = Release|Any CPU
		{290B252F-FD7F-4383-BC97-4B63504FB203}.Release|Any CPU.Build.0 = Release|Any CPU
	EndGlobalSection
	GlobalSection(SolutionProperties) = preSolution
		HideSolutionNode = FALSE
	EndGlobalSection
	GlobalSection(ExtensibilityGlobals) = postSolution
		SolutionGuid = {19FFD785-79F4-4350-8F1A-646908A2D733}
	EndGlobalSection
EndGlobal
